
Microsoft Visual Studio Solution File, Format Version 12.00
# Visual Studio 15
VisualStudioVersion = 15.0.28307.421
MinimumVisualStudioVersion = 10.0.40219.1
Project("{FAE04EC0-301F-11D3-BF4B-00C04F79EFBC}") = "OpenTKFirstTry", "OpenTKFirstTry\OpenTKFirstTry.csproj", "{03799884-2577-4669-BDA8-A6393B3F7389}"
EndProject
Global
	GlobalSection(SolutionConfigurationPlatforms) = preSolution
		Debug|Any CPU = Debug|Any CPU
		Release|Any CPU = Release|Any CPU
	EndGlobalSection
	GlobalSection(ProjectConfigurationPlatforms) = postSolution
		{03799884-2577-4669-BDA8-A6393B3F7389}.Debug|Any CPU.ActiveCfg = Debug|Any CPU
		{03799884-2577-4669-BDA8-A6393B3F7389}.Debug|Any CPU.Build.0 = Debug|Any CPU
		{03799884-2577-4669-BDA8-A6393B3F7389}.Release|Any CPU.ActiveCfg = Release|Any CPU
		{03799884-2577-4669-BDA8-A6393B3F7389}.Release|Any CPU.Build.0 = Release|Any CPU
	EndGlobalSection
	GlobalSection(SolutionProperties) = preSolution
		HideSolutionNode = FALSE
	EndGlobalSection
	GlobalSection(ExtensibilityGlobals) = postSolution
		SolutionGuid = {C85B694A-2C52-4230-88CF-25515DD45DFC}
	EndGlobalSection
EndGlobal
